// !$*UTF8*$!
{
	archiveVersion = 1;
	classes = {
	};
	objectVersion = 50;
	objects = {

/* Begin PBXBuildFile section */
		88603FA8249745E90015C8ED /* AppDelegate.swift in Sources */ = {isa = PBXBuildFile; fileRef = 88603FA7249745E90015C8ED /* AppDelegate.swift */; };
		88603FAA249745E90015C8ED /* SceneDelegate.swift in Sources */ = {isa = PBXBuildFile; fileRef = 88603FA9249745E90015C8ED /* SceneDelegate.swift */; };
		88603FAC249745E90015C8ED /* CurrentCityViewController.swift in Sources */ = {isa = PBXBuildFile; fileRef = 88603FAB249745E90015C8ED /* CurrentCityViewController.swift */; };
		88603FAE249745E90015C8ED /* SearchCityViewController.swift in Sources */ = {isa = PBXBuildFile; fileRef = 88603FAD249745E90015C8ED /* SearchCityViewController.swift */; };
		88603FB1249745E90015C8ED /* Main.storyboard in Resources */ = {isa = PBXBuildFile; fileRef = 88603FAF249745E90015C8ED /* Main.storyboard */; };
		88603FB3249745EC0015C8ED /* Assets.xcassets in Resources */ = {isa = PBXBuildFile; fileRef = 88603FB2249745EC0015C8ED /* Assets.xcassets */; };
		88603FB6249745EC0015C8ED /* LaunchScreen.storyboard in Resources */ = {isa = PBXBuildFile; fileRef = 88603FB4249745EC0015C8ED /* LaunchScreen.storyboard */; };
		88603FC1249745ED0015C8ED /* FutureWeatherCityWeatherTests.swift in Sources */ = {isa = PBXBuildFile; fileRef = 88603FC0249745ED0015C8ED /* FutureWeatherCityWeatherTests.swift */; };
		88603FCE249746920015C8ED /* NetworkManager.swift in Sources */ = {isa = PBXBuildFile; fileRef = 88603FCC249746920015C8ED /* NetworkManager.swift */; };
		88603FCF249746920015C8ED /* HttpClient.swift in Sources */ = {isa = PBXBuildFile; fileRef = 88603FCD249746920015C8ED /* HttpClient.swift */; };
		88603FD1249746DA0015C8ED /* CurrentCityViewModel.swift in Sources */ = {isa = PBXBuildFile; fileRef = 88603FD0249746DA0015C8ED /* CurrentCityViewModel.swift */; };
		88603FD3249746F10015C8ED /* SearchCityViewModel.swift in Sources */ = {isa = PBXBuildFile; fileRef = 88603FD2249746F10015C8ED /* SearchCityViewModel.swift */; };
		88603FDD249747E40015C8ED /* Weather.swift in Sources */ = {isa = PBXBuildFile; fileRef = 88603FD6249747E40015C8ED /* Weather.swift */; };
		88603FDE249747E40015C8ED /* Wind.swift in Sources */ = {isa = PBXBuildFile; fileRef = 88603FD7249747E40015C8ED /* Wind.swift */; };
		88603FDF249747E40015C8ED /* Sys.swift in Sources */ = {isa = PBXBuildFile; fileRef = 88603FD8249747E40015C8ED /* Sys.swift */; };
		88603FE0249747E40015C8ED /* CurrentCity.swift in Sources */ = {isa = PBXBuildFile; fileRef = 88603FD9249747E40015C8ED /* CurrentCity.swift */; };
		88603FE1249747E40015C8ED /* Clouds.swift in Sources */ = {isa = PBXBuildFile; fileRef = 88603FDA249747E40015C8ED /* Clouds.swift */; };
		88603FE2249747E40015C8ED /* Main.swift in Sources */ = {isa = PBXBuildFile; fileRef = 88603FDB249747E40015C8ED /* Main.swift */; };
		88603FE3249747E40015C8ED /* Coord.swift in Sources */ = {isa = PBXBuildFile; fileRef = 88603FDC249747E40015C8ED /* Coord.swift */; };
		88603FE7249748E10015C8ED /* CityWeather.json in Resources */ = {isa = PBXBuildFile; fileRef = 88603FE6249748E10015C8ED /* CityWeather.json */; };
		88603FF724974E010015C8ED /* City.swift in Sources */ = {isa = PBXBuildFile; fileRef = 88603FED24974E000015C8ED /* City.swift */; };
		88603FF824974E010015C8ED /* CityForecast.swift in Sources */ = {isa = PBXBuildFile; fileRef = 88603FEE24974E000015C8ED /* CityForecast.swift */; };
		88603FFF24974E010015C8ED /* List.swift in Sources */ = {isa = PBXBuildFile; fileRef = 88603FF524974E010015C8ED /* List.swift */; };
		886040012497504B0015C8ED /* Helper.swift in Sources */ = {isa = PBXBuildFile; fileRef = 886040002497504B0015C8ED /* Helper.swift */; };
		88604003249750FD0015C8ED /* CustomDecoder.swift in Sources */ = {isa = PBXBuildFile; fileRef = 88604002249750FD0015C8ED /* CustomDecoder.swift */; };
		88604005249752180015C8ED /* Constants.swift in Sources */ = {isa = PBXBuildFile; fileRef = 88604004249752170015C8ED /* Constants.swift */; };
		88604008249755860015C8ED /* LocationManager.swift in Sources */ = {isa = PBXBuildFile; fileRef = 88604007249755850015C8ED /* LocationManager.swift */; };
		8860400A24976B410015C8ED /* CityWeatherForecast.json in Resources */ = {isa = PBXBuildFile; fileRef = 8860400924976B410015C8ED /* CityWeatherForecast.json */; };
		8860400C24976B800015C8ED /* FutureWeatherCityWeatherForecastTests.swift in Sources */ = {isa = PBXBuildFile; fileRef = 8860400B24976B800015C8ED /* FutureWeatherCityWeatherForecastTests.swift */; };
		88604010249772240015C8ED /* WeatherForecastTableViewCell.swift in Sources */ = {isa = PBXBuildFile; fileRef = 8860400E249772240015C8ED /* WeatherForecastTableViewCell.swift */; };
		88604011249772240015C8ED /* WeatherForecastTableViewCell.xib in Resources */ = {isa = PBXBuildFile; fileRef = 8860400F249772240015C8ED /* WeatherForecastTableViewCell.xib */; };
		88614045249C802100A3ED6A /* Print.swift in Sources */ = {isa = PBXBuildFile; fileRef = 88614044249C802100A3ED6A /* Print.swift */; };
/* End PBXBuildFile section */

/* Begin PBXContainerItemProxy section */
		88603FBD249745ED0015C8ED /* PBXContainerItemProxy */ = {
			isa = PBXContainerItemProxy;
			containerPortal = 88603F9C249745E80015C8ED /* Project object */;
			proxyType = 1;
			remoteGlobalIDString = 88603FA3249745E90015C8ED;
			remoteInfo = FutureWeather;
		};
/* End PBXContainerItemProxy section */

/* Begin PBXFileReference section */
		88603FA4249745E90015C8ED /* FutureWeather.app */ = {isa = PBXFileReference; explicitFileType = wrapper.application; includeInIndex = 0; path = FutureWeather.app; sourceTree = BUILT_PRODUCTS_DIR; };
		88603FA7249745E90015C8ED /* AppDelegate.swift */ = {isa = PBXFileReference; lastKnownFileType = sourcecode.swift; path = AppDelegate.swift; sourceTree = "<group>"; };
		88603FA9249745E90015C8ED /* SceneDelegate.swift */ = {isa = PBXFileReference; lastKnownFileType = sourcecode.swift; path = SceneDelegate.swift; sourceTree = "<group>"; };
		88603FAB249745E90015C8ED /* CurrentCityViewController.swift */ = {isa = PBXFileReference; lastKnownFileType = sourcecode.swift; path = CurrentCityViewController.swift; sourceTree = "<group>"; };
		88603FAD249745E90015C8ED /* SearchCityViewController.swift */ = {isa = PBXFileReference; lastKnownFileType = sourcecode.swift; path = SearchCityViewController.swift; sourceTree = "<group>"; };
		88603FB0249745E90015C8ED /* Base */ = {isa = PBXFileReference; lastKnownFileType = file.storyboard; name = Base; path = Base.lproj/Main.storyboard; sourceTree = "<group>"; };
		88603FB2249745EC0015C8ED /* Assets.xcassets */ = {isa = PBXFileReference; lastKnownFileType = folder.assetcatalog; path = Assets.xcassets; sourceTree = "<group>"; };
		88603FB5249745EC0015C8ED /* Base */ = {isa = PBXFileReference; lastKnownFileType = file.storyboard; name = Base; path = Base.lproj/LaunchScreen.storyboard; sourceTree = "<group>"; };
		88603FB7249745EC0015C8ED /* Info.plist */ = {isa = PBXFileReference; lastKnownFileType = text.plist.xml; path = Info.plist; sourceTree = "<group>"; };
		88603FBC249745ED0015C8ED /* FutureWeatherTests.xctest */ = {isa = PBXFileReference; explicitFileType = wrapper.cfbundle; includeInIndex = 0; path = FutureWeatherTests.xctest; sourceTree = BUILT_PRODUCTS_DIR; };
		88603FC0249745ED0015C8ED /* FutureWeatherCityWeatherTests.swift */ = {isa = PBXFileReference; lastKnownFileType = sourcecode.swift; path = FutureWeatherCityWeatherTests.swift; sourceTree = "<group>"; };
		88603FC2249745ED0015C8ED /* Info.plist */ = {isa = PBXFileReference; lastKnownFileType = text.plist.xml; path = Info.plist; sourceTree = "<group>"; };
		88603FCC249746920015C8ED /* NetworkManager.swift */ = {isa = PBXFileReference; fileEncoding = 4; lastKnownFileType = sourcecode.swift; path = NetworkManager.swift; sourceTree = "<group>"; };
		88603FCD249746920015C8ED /* HttpClient.swift */ = {isa = PBXFileReference; fileEncoding = 4; lastKnownFileType = sourcecode.swift; path = HttpClient.swift; sourceTree = "<group>"; };
		88603FD0249746DA0015C8ED /* CurrentCityViewModel.swift */ = {isa = PBXFileReference; lastKnownFileType = sourcecode.swift; path = CurrentCityViewModel.swift; sourceTree = "<group>"; };
		88603FD2249746F10015C8ED /* SearchCityViewModel.swift */ = {isa = PBXFileReference; lastKnownFileType = sourcecode.swift; path = SearchCityViewModel.swift; sourceTree = "<group>"; };
		88603FD6249747E40015C8ED /* Weather.swift */ = {isa = PBXFileReference; fileEncoding = 4; lastKnownFileType = sourcecode.swift; path = Weather.swift; sourceTree = "<group>"; };
		88603FD7249747E40015C8ED /* Wind.swift */ = {isa = PBXFileReference; fileEncoding = 4; lastKnownFileType = sourcecode.swift; path = Wind.swift; sourceTree = "<group>"; };
		88603FD8249747E40015C8ED /* Sys.swift */ = {isa = PBXFileReference; fileEncoding = 4; lastKnownFileType = sourcecode.swift; path = Sys.swift; sourceTree = "<group>"; };
		88603FD9249747E40015C8ED /* CurrentCity.swift */ = {isa = PBXFileReference; fileEncoding = 4; lastKnownFileType = sourcecode.swift; path = CurrentCity.swift; sourceTree = "<group>"; };
		88603FDA249747E40015C8ED /* Clouds.swift */ = {isa = PBXFileReference; fileEncoding = 4; lastKnownFileType = sourcecode.swift; path = Clouds.swift; sourceTree = "<group>"; };
		88603FDB249747E40015C8ED /* Main.swift */ = {isa = PBXFileReference; fileEncoding = 4; lastKnownFileType = sourcecode.swift; path = Main.swift; sourceTree = "<group>"; };
		88603FDC249747E40015C8ED /* Coord.swift */ = {isa = PBXFileReference; fileEncoding = 4; lastKnownFileType = sourcecode.swift; path = Coord.swift; sourceTree = "<group>"; };
		88603FE6249748E10015C8ED /* CityWeather.json */ = {isa = PBXFileReference; lastKnownFileType = text.json; path = CityWeather.json; sourceTree = "<group>"; };
		88603FED24974E000015C8ED /* City.swift */ = {isa = PBXFileReference; fileEncoding = 4; lastKnownFileType = sourcecode.swift; path = City.swift; sourceTree = "<group>"; };
		88603FEE24974E000015C8ED /* CityForecast.swift */ = {isa = PBXFileReference; fileEncoding = 4; lastKnownFileType = sourcecode.swift; path = CityForecast.swift; sourceTree = "<group>"; };
		88603FF524974E010015C8ED /* List.swift */ = {isa = PBXFileReference; fileEncoding = 4; lastKnownFileType = sourcecode.swift; path = List.swift; sourceTree = "<group>"; };
		886040002497504B0015C8ED /* Helper.swift */ = {isa = PBXFileReference; fileEncoding = 4; lastKnownFileType = sourcecode.swift; path = Helper.swift; sourceTree = "<group>"; };
		88604002249750FD0015C8ED /* CustomDecoder.swift */ = {isa = PBXFileReference; fileEncoding = 4; lastKnownFileType = sourcecode.swift; path = CustomDecoder.swift; sourceTree = "<group>"; };
		88604004249752170015C8ED /* Constants.swift */ = {isa = PBXFileReference; fileEncoding = 4; lastKnownFileType = sourcecode.swift; path = Constants.swift; sourceTree = "<group>"; };
		88604007249755850015C8ED /* LocationManager.swift */ = {isa = PBXFileReference; lastKnownFileType = sourcecode.swift; path = LocationManager.swift; sourceTree = "<group>"; };
		8860400924976B410015C8ED /* CityWeatherForecast.json */ = {isa = PBXFileReference; fileEncoding = 4; lastKnownFileType = text.json; path = CityWeatherForecast.json; sourceTree = "<group>"; };
		8860400B24976B800015C8ED /* FutureWeatherCityWeatherForecastTests.swift */ = {isa = PBXFileReference; fileEncoding = 4; lastKnownFileType = sourcecode.swift; path = FutureWeatherCityWeatherForecastTests.swift; sourceTree = "<group>"; };
		8860400E249772240015C8ED /* WeatherForecastTableViewCell.swift */ = {isa = PBXFileReference; lastKnownFileType = sourcecode.swift; path = WeatherForecastTableViewCell.swift; sourceTree = "<group>"; };
		8860400F249772240015C8ED /* WeatherForecastTableViewCell.xib */ = {isa = PBXFileReference; lastKnownFileType = file.xib; path = WeatherForecastTableViewCell.xib; sourceTree = "<group>"; };
		88614044249C802100A3ED6A /* Print.swift */ = {isa = PBXFileReference; lastKnownFileType = sourcecode.swift; path = Print.swift; sourceTree = "<group>"; };
/* End PBXFileReference section */

/* Begin PBXFrameworksBuildPhase section */
		88603FA1249745E90015C8ED /* Frameworks */ = {
			isa = PBXFrameworksBuildPhase;
			buildActionMask = 2147483647;
			files = (
			);
			runOnlyForDeploymentPostprocessing = 0;
		};
		88603FB9249745ED0015C8ED /* Frameworks */ = {
			isa = PBXFrameworksBuildPhase;
			buildActionMask = 2147483647;
			files = (
			);
			runOnlyForDeploymentPostprocessing = 0;
		};
/* End PBXFrameworksBuildPhase section */

/* Begin PBXGroup section */
		88603F9B249745E80015C8ED = {
			isa = PBXGroup;
			children = (
				88603FA6249745E90015C8ED /* FutureWeather */,
				88603FBF249745ED0015C8ED /* FutureWeatherTests */,
				88603FA5249745E90015C8ED /* Products */,
			);
			sourceTree = "<group>";
		};
		88603FA5249745E90015C8ED /* Products */ = {
			isa = PBXGroup;
			children = (
				88603FA4249745E90015C8ED /* FutureWeather.app */,
				88603FBC249745ED0015C8ED /* FutureWeatherTests.xctest */,
			);
			name = Products;
			sourceTree = "<group>";
		};
		88603FA6249745E90015C8ED /* FutureWeather */ = {
			isa = PBXGroup;
			children = (
				8860400D249771F80015C8ED /* UITableViewCells */,
				886040062497556B0015C8ED /* Location */,
				88603FE824974BCE0015C8ED /* DataManager */,
				88603FE52497483D0015C8ED /* Common */,
				88603FE4249748370015C8ED /* Resource */,
				88603FD4249747C30015C8ED /* DataModel */,
				88603FCB249746760015C8ED /* NetworkManager */,
				88603FA7249745E90015C8ED /* AppDelegate.swift */,
				88603FA9249745E90015C8ED /* SceneDelegate.swift */,
				88603FAB249745E90015C8ED /* CurrentCityViewController.swift */,
				88603FD0249746DA0015C8ED /* CurrentCityViewModel.swift */,
				88603FAD249745E90015C8ED /* SearchCityViewController.swift */,
				88603FD2249746F10015C8ED /* SearchCityViewModel.swift */,
				88603FAF249745E90015C8ED /* Main.storyboard */,
				88603FB2249745EC0015C8ED /* Assets.xcassets */,
				88603FB4249745EC0015C8ED /* LaunchScreen.storyboard */,
				88603FB7249745EC0015C8ED /* Info.plist */,
			);
			path = FutureWeather;
			sourceTree = "<group>";
		};
		88603FBF249745ED0015C8ED /* FutureWeatherTests */ = {
			isa = PBXGroup;
			children = (
				8860400B24976B800015C8ED /* FutureWeatherCityWeatherForecastTests.swift */,
				88603FC0249745ED0015C8ED /* FutureWeatherCityWeatherTests.swift */,
				88603FC2249745ED0015C8ED /* Info.plist */,
			);
			path = FutureWeatherTests;
			sourceTree = "<group>";
		};
		88603FCB249746760015C8ED /* NetworkManager */ = {
			isa = PBXGroup;
			children = (
				88604002249750FD0015C8ED /* CustomDecoder.swift */,
				88603FCD249746920015C8ED /* HttpClient.swift */,
				88603FCC249746920015C8ED /* NetworkManager.swift */,
			);
			path = NetworkManager;
			sourceTree = "<group>";
		};
		88603FD4249747C30015C8ED /* DataModel */ = {
			isa = PBXGroup;
			children = (
				88603FEB24974DEF0015C8ED /* CityForecast */,
				88603FD5249747D50015C8ED /* CityWeather */,
			);
			path = DataModel;
			sourceTree = "<group>";
		};
		88603FD5249747D50015C8ED /* CityWeather */ = {
			isa = PBXGroup;
			children = (
				88603FD9249747E40015C8ED /* CurrentCity.swift */,
				88603FDA249747E40015C8ED /* Clouds.swift */,
				88603FDC249747E40015C8ED /* Coord.swift */,
				88603FDB249747E40015C8ED /* Main.swift */,
				88603FD8249747E40015C8ED /* Sys.swift */,
				88603FD6249747E40015C8ED /* Weather.swift */,
				88603FD7249747E40015C8ED /* Wind.swift */,
			);
			path = CityWeather;
			sourceTree = "<group>";
		};
		88603FE4249748370015C8ED /* Resource */ = {
			isa = PBXGroup;
			children = (
				8860400924976B410015C8ED /* CityWeatherForecast.json */,
				88603FE6249748E10015C8ED /* CityWeather.json */,
			);
			path = Resource;
			sourceTree = "<group>";
		};
		88603FE52497483D0015C8ED /* Common */ = {
			isa = PBXGroup;
			children = (
				88604004249752170015C8ED /* Constants.swift */,
				886040002497504B0015C8ED /* Helper.swift */,
				88614044249C802100A3ED6A /* Print.swift */,
			);
			path = Common;
			sourceTree = "<group>";
		};
		88603FE824974BCE0015C8ED /* DataManager */ = {
			isa = PBXGroup;
			children = (
			);
			path = DataManager;
			sourceTree = "<group>";
		};
		88603FEB24974DEF0015C8ED /* CityForecast */ = {
			isa = PBXGroup;
			children = (
				88603FED24974E000015C8ED /* City.swift */,
				88603FF524974E010015C8ED /* List.swift */,
				88603FEE24974E000015C8ED /* CityForecast.swift */,
			);
			path = CityForecast;
			sourceTree = "<group>";
		};
		886040062497556B0015C8ED /* Location */ = {
			isa = PBXGroup;
			children = (
				88604007249755850015C8ED /* LocationManager.swift */,
			);
			path = Location;
			sourceTree = "<group>";
		};
		8860400D249771F80015C8ED /* UITableViewCells */ = {
			isa = PBXGroup;
			children = (
				8860400E249772240015C8ED /* WeatherForecastTableViewCell.swift */,
				8860400F249772240015C8ED /* WeatherForecastTableViewCell.xib */,
			);
			path = UITableViewCells;
			sourceTree = "<group>";
		};
/* End PBXGroup section */

/* Begin PBXNativeTarget section */
		88603FA3249745E90015C8ED /* FutureWeather */ = {
			isa = PBXNativeTarget;
			buildConfigurationList = 88603FC5249745ED0015C8ED /* Build configuration list for PBXNativeTarget "FutureWeather" */;
			buildPhases = (
				88603FA0249745E90015C8ED /* Sources */,
				88603FA1249745E90015C8ED /* Frameworks */,
				88603FA2249745E90015C8ED /* Resources */,
			);
			buildRules = (
			);
			dependencies = (
			);
			name = FutureWeather;
			productName = FutureWeather;
			productReference = 88603FA4249745E90015C8ED /* FutureWeather.app */;
			productType = "com.apple.product-type.application";
		};
		88603FBB249745ED0015C8ED /* FutureWeatherTests */ = {
			isa = PBXNativeTarget;
			buildConfigurationList = 88603FC8249745ED0015C8ED /* Build configuration list for PBXNativeTarget "FutureWeatherTests" */;
			buildPhases = (
				88603FB8249745ED0015C8ED /* Sources */,
				88603FB9249745ED0015C8ED /* Frameworks */,
				88603FBA249745ED0015C8ED /* Resources */,
			);
			buildRules = (
			);
			dependencies = (
				88603FBE249745ED0015C8ED /* PBXTargetDependency */,
			);
			name = FutureWeatherTests;
			productName = FutureWeatherTests;
			productReference = 88603FBC249745ED0015C8ED /* FutureWeatherTests.xctest */;
			productType = "com.apple.product-type.bundle.unit-test";
		};
/* End PBXNativeTarget section */

/* Begin PBXProject section */
		88603F9C249745E80015C8ED /* Project object */ = {
			isa = PBXProject;
			attributes = {
				LastSwiftUpdateCheck = 1140;
				LastUpgradeCheck = 1140;
				ORGANIZATIONNAME = "Mushtaque Ahmed";
				TargetAttributes = {
					88603FA3249745E90015C8ED = {
						CreatedOnToolsVersion = 11.4.1;
					};
					88603FBB249745ED0015C8ED = {
						CreatedOnToolsVersion = 11.4.1;
						TestTargetID = 88603FA3249745E90015C8ED;
					};
				};
			};
			buildConfigurationList = 88603F9F249745E80015C8ED /* Build configuration list for PBXProject "FutureWeather" */;
			compatibilityVersion = "Xcode 9.3";
			developmentRegion = en;
			hasScannedForEncodings = 0;
			knownRegions = (
				en,
				Base,
			);
			mainGroup = 88603F9B249745E80015C8ED;
			productRefGroup = 88603FA5249745E90015C8ED /* Products */;
			projectDirPath = "";
			projectRoot = "";
			targets = (
				88603FA3249745E90015C8ED /* FutureWeather */,
				88603FBB249745ED0015C8ED /* FutureWeatherTests */,
			);
		};
/* End PBXProject section */

/* Begin PBXResourcesBuildPhase section */
		88603FA2249745E90015C8ED /* Resources */ = {
			isa = PBXResourcesBuildPhase;
			buildActionMask = 2147483647;
			files = (
				88603FB6249745EC0015C8ED /* LaunchScreen.storyboard in Resources */,
				88603FB3249745EC0015C8ED /* Assets.xcassets in Resources */,
				88603FB1249745E90015C8ED /* Main.storyboard in Resources */,
				88603FE7249748E10015C8ED /* CityWeather.json in Resources */,
				88604011249772240015C8ED /* WeatherForecastTableViewCell.xib in Resources */,
				8860400A24976B410015C8ED /* CityWeatherForecast.json in Resources */,
			);
			runOnlyForDeploymentPostprocessing = 0;
		};
		88603FBA249745ED0015C8ED /* Resources */ = {
			isa = PBXResourcesBuildPhase;
			buildActionMask = 2147483647;
			files = (
			);
			runOnlyForDeploymentPostprocessing = 0;
		};
/* End PBXResourcesBuildPhase section */

/* Begin PBXSourcesBuildPhase section */
		88603FA0249745E90015C8ED /* Sources */ = {
			isa = PBXSourcesBuildPhase;
			buildActionMask = 2147483647;
			files = (
				88603FAE249745E90015C8ED /* SearchCityViewController.swift in Sources */,
				88603FDE249747E40015C8ED /* Wind.swift in Sources */,
				88603FAC249745E90015C8ED /* CurrentCityViewController.swift in Sources */,
				88603FE1249747E40015C8ED /* Clouds.swift in Sources */,
				88603FCE249746920015C8ED /* NetworkManager.swift in Sources */,
				88603FF824974E010015C8ED /* CityForecast.swift in Sources */,
				88603FA8249745E90015C8ED /* AppDelegate.swift in Sources */,
				88603FE3249747E40015C8ED /* Coord.swift in Sources */,
				886040012497504B0015C8ED /* Helper.swift in Sources */,
				88603FDF249747E40015C8ED /* Sys.swift in Sources */,
				88603FF724974E010015C8ED /* City.swift in Sources */,
				88604005249752180015C8ED /* Constants.swift in Sources */,
				88603FFF24974E010015C8ED /* List.swift in Sources */,
				88603FDD249747E40015C8ED /* Weather.swift in Sources */,
				88604008249755860015C8ED /* LocationManager.swift in Sources */,
				88603FCF249746920015C8ED /* HttpClient.swift in Sources */,
				88603FAA249745E90015C8ED /* SceneDelegate.swift in Sources */,
				88603FE0249747E40015C8ED /* CurrentCity.swift in Sources */,
				88603FD1249746DA0015C8ED /* CurrentCityViewModel.swift in Sources */,
				88614045249C802100A3ED6A /* Print.swift in Sources */,
				88603FE2249747E40015C8ED /* Main.swift in Sources */,
				88603FD3249746F10015C8ED /* SearchCityViewModel.swift in Sources */,
				88604010249772240015C8ED /* WeatherForecastTableViewCell.swift in Sources */,
				88604003249750FD0015C8ED /* CustomDecoder.swift in Sources */,
			);
			runOnlyForDeploymentPostprocessing = 0;
		};
		88603FB8249745ED0015C8ED /* Sources */ = {
			isa = PBXSourcesBuildPhase;
			buildActionMask = 2147483647;
			files = (
				8860400C24976B800015C8ED /* FutureWeatherCityWeatherForecastTests.swift in Sources */,
				88603FC1249745ED0015C8ED /* FutureWeatherCityWeatherTests.swift in Sources */,
			);
			runOnlyForDeploymentPostprocessing = 0;
		};
/* End PBXSourcesBuildPhase section */

/* Begin PBXTargetDependency section */
		88603FBE249745ED0015C8ED /* PBXTargetDependency */ = {
			isa = PBXTargetDependency;
			target = 88603FA3249745E90015C8ED /* FutureWeather */;
			targetProxy = 88603FBD249745ED0015C8ED /* PBXContainerItemProxy */;
		};
/* End PBXTargetDependency section */

/* Begin PBXVariantGroup section */
		88603FAF249745E90015C8ED /* Main.storyboard */ = {
			isa = PBXVariantGroup;
			children = (
				88603FB0249745E90015C8ED /* Base */,
			);
			name = Main.storyboard;
			sourceTree = "<group>";
		};
		88603FB4249745EC0015C8ED /* LaunchScreen.storyboard */ = {
			isa = PBXVariantGroup;
			children = (
				88603FB5249745EC0015C8ED /* Base */,
			);
			name = LaunchScreen.storyboard;
			sourceTree = "<group>";
		};
/* End PBXVariantGroup section */

/* Begin XCBuildConfiguration section */
		88603FC3249745ED0015C8ED /* Debug */ = {
			isa = XCBuildConfiguration;
			buildSettings = {
				ALWAYS_SEARCH_USER_PATHS = NO;
				CLANG_ANALYZER_NONNULL = YES;
				CLANG_ANALYZER_NUMBER_OBJECT_CONVERSION = YES_AGGRESSIVE;
				CLANG_CXX_LANGUAGE_STANDARD = "gnu++14";
				CLANG_CXX_LIBRARY = "libc++";
				CLANG_ENABLE_MODULES = YES;
				CLANG_ENABLE_OBJC_ARC = YES;
				CLANG_ENABLE_OBJC_WEAK = YES;
				CLANG_WARN_BLOCK_CAPTURE_AUTORELEASING = YES;
				CLANG_WARN_BOOL_CONVERSION = YES;
				CLANG_WARN_COMMA = YES;
				CLANG_WARN_CONSTANT_CONVERSION = YES;
				CLANG_WARN_DEPRECATED_OBJC_IMPLEMENTATIONS = YES;
				CLANG_WARN_DIRECT_OBJC_ISA_USAGE = YES_ERROR;
				CLANG_WARN_DOCUMENTATION_COMMENTS = YES;
				CLANG_WARN_EMPTY_BODY = YES;
				CLANG_WARN_ENUM_CONVERSION = YES;
				CLANG_WARN_INFINITE_RECURSION = YES;
				CLANG_WARN_INT_CONVERSION = YES;
				CLANG_WARN_NON_LITERAL_NULL_CONVERSION = YES;
				CLANG_WARN_OBJC_IMPLICIT_RETAIN_SELF = YES;
				CLANG_WARN_OBJC_LITERAL_CONVERSION = YES;
				CLANG_WARN_OBJC_ROOT_CLASS = YES_ERROR;
				CLANG_WARN_RANGE_LOOP_ANALYSIS = YES;
				CLANG_WARN_STRICT_PROTOTYPES = YES;
				CLANG_WARN_SUSPICIOUS_MOVE = YES;
				CLANG_WARN_UNGUARDED_AVAILABILITY = YES_AGGRESSIVE;
				CLANG_WARN_UNREACHABLE_CODE = YES;
				CLANG_WARN__DUPLICATE_METHOD_MATCH = YES;
				COPY_PHASE_STRIP = NO;
				DEBUG_INFORMATION_FORMAT = dwarf;
				ENABLE_STRICT_OBJC_MSGSEND = YES;
				ENABLE_TESTABILITY = YES;
				GCC_C_LANGUAGE_STANDARD = gnu11;
				GCC_DYNAMIC_NO_PIC = NO;
				GCC_NO_COMMON_BLOCKS = YES;
				GCC_OPTIMIZATION_LEVEL = 0;
				GCC_PREPROCESSOR_DEFINITIONS = (
					"DEBUG=1",
					"$(inherited)",
				);
				GCC_WARN_64_TO_32_BIT_CONVERSION = YES;
				GCC_WARN_ABOUT_RETURN_TYPE = YES_ERROR;
				GCC_WARN_UNDECLARED_SELECTOR = YES;
				GCC_WARN_UNINITIALIZED_AUTOS = YES_AGGRESSIVE;
				GCC_WARN_UNUSED_FUNCTION = YES;
				GCC_WARN_UNUSED_VARIABLE = YES;
				IPHONEOS_DEPLOYMENT_TARGET = 13.4;
				MTL_ENABLE_DEBUG_INFO = INCLUDE_SOURCE;
				MTL_FAST_MATH = YES;
				ONLY_ACTIVE_ARCH = YES;
				SDKROOT = iphoneos;
				SWIFT_ACTIVE_COMPILATION_CONDITIONS = DEBUG;
				SWIFT_OPTIMIZATION_LEVEL = "-Onone";
			};
			name = Debug;
		};
		88603FC4249745ED0015C8ED /* Release */ = {
			isa = XCBuildConfiguration;
			buildSettings = {
				ALWAYS_SEARCH_USER_PATHS = NO;
				CLANG_ANALYZER_NONNULL = YES;
				CLANG_ANALYZER_NUMBER_OBJECT_CONVERSION = YES_AGGRESSIVE;
				CLANG_CXX_LANGUAGE_STANDARD = "gnu++14";
				CLANG_CXX_LIBRARY = "libc++";
				CLANG_ENABLE_MODULES = YES;
				CLANG_ENABLE_OBJC_ARC = YES;
				CLANG_ENABLE_OBJC_WEAK = YES;
				CLANG_WARN_BLOCK_CAPTURE_AUTORELEASING = YES;
				CLANG_WARN_BOOL_CONVERSION = YES;
				CLANG_WARN_COMMA = YES;
				CLANG_WARN_CONSTANT_CONVERSION = YES;
				CLANG_WARN_DEPRECATED_OBJC_IMPLEMENTATIONS = YES;
				CLANG_WARN_DIRECT_OBJC_ISA_USAGE = YES_ERROR;
				CLANG_WARN_DOCUMENTATION_COMMENTS = YES;
				CLANG_WARN_EMPTY_BODY = YES;
				CLANG_WARN_ENUM_CONVERSION = YES;
				CLANG_WARN_INFINITE_RECURSION = YES;
				CLANG_WARN_INT_CONVERSION = YES;
				CLANG_WARN_NON_LITERAL_NULL_CONVERSION = YES;
				CLANG_WARN_OBJC_IMPLICIT_RETAIN_SELF = YES;
				CLANG_WARN_OBJC_LITERAL_CONVERSION = YES;
				CLANG_WARN_OBJC_ROOT_CLASS = YES_ERROR;
				CLANG_WARN_RANGE_LOOP_ANALYSIS = YES;
				CLANG_WARN_STRICT_PROTOTYPES = YES;
				CLANG_WARN_SUSPICIOUS_MOVE = YES;
				CLANG_WARN_UNGUARDED_AVAILABILITY = YES_AGGRESSIVE;
				CLANG_WARN_UNREACHABLE_CODE = YES;
				CLANG_WARN__DUPLICATE_METHOD_MATCH = YES;
				COPY_PHASE_STRIP = NO;
				DEBUG_INFORMATION_FORMAT = "dwarf-with-dsym";
				ENABLE_NS_ASSERTIONS = NO;
				ENABLE_STRICT_OBJC_MSGSEND = YES;
				GCC_C_LANGUAGE_STANDARD = gnu11;
				GCC_NO_COMMON_BLOCKS = YES;
				GCC_WARN_64_TO_32_BIT_CONVERSION = YES;
				GCC_WARN_ABOUT_RETURN_TYPE = YES_ERROR;
				GCC_WARN_UNDECLARED_SELECTOR = YES;
				GCC_WARN_UNINITIALIZED_AUTOS = YES_AGGRESSIVE;
				GCC_WARN_UNUSED_FUNCTION = YES;
				GCC_WARN_UNUSED_VARIABLE = YES;
				IPHONEOS_DEPLOYMENT_TARGET = 13.4;
				MTL_ENABLE_DEBUG_INFO = NO;
				MTL_FAST_MATH = YES;
				SDKROOT = iphoneos;
				SWIFT_COMPILATION_MODE = wholemodule;
				SWIFT_OPTIMIZATION_LEVEL = "-O";
				VALIDATE_PRODUCT = YES;
			};
			name = Release;
		};
		88603FC6249745ED0015C8ED /* Debug */ = {
			isa = XCBuildConfiguration;
			buildSettings = {
				ASSETCATALOG_COMPILER_APPICON_NAME = AppIcon;
				CODE_SIGN_STYLE = Automatic;
				INFOPLIST_FILE = FutureWeather/Info.plist;
				LD_RUNPATH_SEARCH_PATHS = (
					"$(inherited)",
					"@executable_path/Frameworks",
				);
				PRODUCT_BUNDLE_IDENTIFIER = com.fv.futureweather.FutureWeather;
				PRODUCT_NAME = "$(TARGET_NAME)";
				SWIFT_VERSION = 5.0;
				TARGETED_DEVICE_FAMILY = "1,2";
			};
			name = Debug;
		};
		88603FC7249745ED0015C8ED /* Release */ = {
			isa = XCBuildConfiguration;
			buildSettings = {
				ASSETCATALOG_COMPILER_APPICON_NAME = AppIcon;
				CODE_SIGN_STYLE = Automatic;
				INFOPLIST_FILE = FutureWeather/Info.plist;
				LD_RUNPATH_SEARCH_PATHS = (
					"$(inherited)",
					"@executable_path/Frameworks",
				);
				PRODUCT_BUNDLE_IDENTIFIER = com.fv.futureweather.FutureWeather;
				PRODUCT_NAME = "$(TARGET_NAME)";
				SWIFT_VERSION = 5.0;
				TARGETED_DEVICE_FAMILY = "1,2";
			};
			name = Release;
		};
		88603FC9249745ED0015C8ED /* Debug */ = {
			isa = XCBuildConfiguration;
			buildSettings = {
				ALWAYS_EMBED_SWIFT_STANDARD_LIBRARIES = YES;
				BUNDLE_LOADER = "$(TEST_HOST)";
				CODE_SIGN_STYLE = Automatic;
				INFOPLIST_FILE = FutureWeatherTests/Info.plist;
				IPHONEOS_DEPLOYMENT_TARGET = 13.4;
				LD_RUNPATH_SEARCH_PATHS = (
					"$(inherited)",
					"@executable_path/Frameworks",
					"@loader_path/Frameworks",
				);
				PRODUCT_BUNDLE_IDENTIFIER = com.fv.futureweather.FutureWeatherTests;
				PRODUCT_NAME = "$(TARGET_NAME)";
				SWIFT_VERSION = 5.0;
				TARGETED_DEVICE_FAMILY = "1,2";
				TEST_HOST = "$(BUILT_PRODUCTS_DIR)/FutureWeather.app/FutureWeather";
			};
			name = Debug;
		};
		88603FCA249745ED0015C8ED /* Release */ = {
			isa = XCBuildConfiguration;
			buildSettings = {
				ALWAYS_EMBED_SWIFT_STANDARD_LIBRARIES = YES;
				BUNDLE_LOADER = "$(TEST_HOST)";
				CODE_SIGN_STYLE = Automatic;
				INFOPLIST_FILE = FutureWeatherTests/Info.plist;
				IPHONEOS_DEPLOYMENT_TARGET = 13.4;
				LD_RUNPATH_SEARCH_PATHS = (
					"$(inherited)",
					"@executable_path/Frameworks",
					"@loader_path/Frameworks",
				);
				PRODUCT_BUNDLE_IDENTIFIER = com.fv.futureweather.FutureWeatherTests;
				PRODUCT_NAME = "$(TARGET_NAME)";
				SWIFT_VERSION = 5.0;
				TARGETED_DEVICE_FAMILY = "1,2";
				TEST_HOST = "$(BUILT_PRODUCTS_DIR)/FutureWeather.app/FutureWeather";
			};
			name = Release;
		};
/* End XCBuildConfiguration section */

/* Begin XCConfigurationList section */
		88603F9F249745E80015C8ED /* Build configuration list for PBXProject "FutureWeather" */ = {
			isa = XCConfigurationList;
			buildConfigurations = (
				88603FC3249745ED0015C8ED /* Debug */,
				88603FC4249745ED0015C8ED /* Release */,
			);
			defaultConfigurationIsVisible = 0;
			defaultConfigurationName = Release;
		};
		88603FC5249745ED0015C8ED /* Build configuration list for PBXNativeTarget "FutureWeather" */ = {
			isa = XCConfigurationList;
			buildConfigurations = (
				88603FC6249745ED0015C8ED /* Debug */,
				88603FC7249745ED0015C8ED /* Release */,
			);
			defaultConfigurationIsVisible = 0;
			defaultConfigurationName = Release;
		};
		88603FC8249745ED0015C8ED /* Build configuration list for PBXNativeTarget "FutureWeatherTests" */ = {
			isa = XCConfigurationList;
			buildConfigurations = (
				88603FC9249745ED0015C8ED /* Debug */,
				88603FCA249745ED0015C8ED /* Release */,
			);
			defaultConfigurationIsVisible = 0;
			defaultConfigurationName = Release;
		};
/* End XCConfigurationList section */
	};
	rootObject = 88603F9C249745E80015C8ED /* Project object */;
}
